# THIS IS AN AUTOGENERATED FILE. DO NOT EDIT THIS FILE DIRECTLY.
# yarn lockfile v1


"@babel/runtime@^7.13.10", "@babel/runtime@^7.7.6":
  version "7.15.4"
  resolved "https://registry.yarnpkg.com/@babel/runtime/-/runtime-7.15.4.tgz#fd17d16bfdf878e6dd02d19753a39fa8a8d9c84a"
  integrity sha512-99catp6bHCaxr4sJ/DbTGgHS4+Rs2RVd2g7iOap6SLGPDknRK9ztKNsE/Fg6QhSeh1FGE5f6gHGQmvvn3I3xhw==
  dependencies:
    regenerator-runtime "^0.13.4"

"@radix-ui/primitive@0.0.5":
  version "0.0.5"
  resolved "https://registry.yarnpkg.com/@radix-ui/primitive/-/primitive-0.0.5.tgz#8464fb4db04401bde72d36e27e05714080668d40"
  integrity sha512-VeL6A5LpKYRJhDDj5tCTnzP3zm+FnvybsAkgBHQ4LUPPBnqRdWLoyKpZhlwFze/z22QHINaTIcE9Z/fTcrUR1g==
  dependencies:
    "@babel/runtime" "^7.13.10"

"@radix-ui/react-compose-refs@0.0.5":
  version "0.0.5"
  resolved "https://registry.yarnpkg.com/@radix-ui/react-compose-refs/-/react-compose-refs-0.0.5.tgz#0f71f0de1dec341f30cebd420b6bc3d12a3037dd"
  integrity sha512-O9mH9X/2EwuAEEoZXrU4alcrRbAhhZHGpIJ5bOH6rmRcokhaoWRBY1tOEe2lgHdb/bkKrY+viLi4Zq8Ju6/09Q==
  dependencies:
    "@babel/runtime" "^7.13.10"

"@radix-ui/react-context@0.0.5":
  version "0.0.5"
  resolved "https://registry.yarnpkg.com/@radix-ui/react-context/-/react-context-0.0.5.tgz#7c15f46795d7765dabfaf6f9c53791ad28c521c2"
  integrity sha512-bwrzAc0qc2EPepSTLBT4+93uCiI9wP78VSmPg2K+k71O/vpx7dPs0VqrewwCBNCHT54NIwaRr2hEsm2uqYi02A==
  dependencies:
    "@babel/runtime" "^7.13.10"

"@radix-ui/react-dialog@^0.0.20":
  version "0.0.20"
  resolved "https://registry.yarnpkg.com/@radix-ui/react-dialog/-/react-dialog-0.0.20.tgz#b26607bea68fc20067d06fab996bac7f1acf68c1"
  integrity sha512-fXgWxWyvmNiimxrFGdvUNve0tyQEFyPwrNgkSi6Xiha9cX8sqWdiYWq500zhzUQQFJVS7No73ylx8kgrI7SoLw==
  dependencies:
    "@babel/runtime" "^7.13.10"
    "@radix-ui/primitive" "0.0.5"
    "@radix-ui/react-compose-refs" "0.0.5"
    "@radix-ui/react-context" "0.0.5"
    "@radix-ui/react-dismissable-layer" "0.0.15"
    "@radix-ui/react-focus-guards" "0.0.7"
    "@radix-ui/react-focus-scope" "0.0.15"
    "@radix-ui/react-id" "0.0.6"
    "@radix-ui/react-polymorphic" "0.0.13"
    "@radix-ui/react-portal" "0.0.15"
    "@radix-ui/react-presence" "0.0.15"
    "@radix-ui/react-primitive" "0.0.15"
    "@radix-ui/react-slot" "0.0.12"
    "@radix-ui/react-use-controllable-state" "0.0.6"
    aria-hidden "^1.1.1"
    react-remove-scroll "^2.4.0"

"@radix-ui/react-dismissable-layer@0.0.15":
  version "0.0.15"
  resolved "https://registry.yarnpkg.com/@radix-ui/react-dismissable-layer/-/react-dismissable-layer-0.0.15.tgz#02c0e68684d60933c82b5af6793c87a5f9ee0750"
  integrity sha512-2zABi8rh/t6liFfRLBw6h+B7MNNFxVQrgYfWRMs1elNX41z3G2vLoBlWdqGzAlYrtqEr/6CL4pQfhwVtd7rNGw==
  dependencies:
    "@babel/runtime" "^7.13.10"
    "@radix-ui/primitive" "0.0.5"
    "@radix-ui/react-polymorphic" "0.0.13"
    "@radix-ui/react-primitive" "0.0.15"
    "@radix-ui/react-use-body-pointer-events" "0.0.7"
    "@radix-ui/react-use-callback-ref" "0.0.5"
    "@radix-ui/react-use-escape-keydown" "0.0.6"

"@radix-ui/react-focus-guards@0.0.7":
  version "0.0.7"
  resolved "https://registry.yarnpkg.com/@radix-ui/react-focus-guards/-/react-focus-guards-0.0.7.tgz#285ed081c877587acd4ee7e6d8260bdf9044e922"
  integrity sha512-enAsmrUunptHVzPLTuZqwTP/X3WFBnyJ/jP9W+0g+bRvI3o7V1kxNc+T2Rp1eRTFBW+lUNnt08qkugPytyTRog==
  dependencies:
    "@babel/runtime" "^7.13.10"

"@radix-ui/react-focus-scope@0.0.15":
  version "0.0.15"
  resolved "https://registry.yarnpkg.com/@radix-ui/react-focus-scope/-/react-focus-scope-0.0.15.tgz#60917075e53ee72d2a473fba88eb31e7aaf7d841"
  integrity sha512-zNgEe1lyLPfxa003VD8lCXaadGqCYhboA3X1WDNGes74lzJgLOPJgzLI0F/ksSokkx/yDDdReyOWui3/LCTqTw==
  dependencies:
    "@babel/runtime" "^7.13.10"
    "@radix-ui/react-compose-refs" "0.0.5"
    "@radix-ui/react-polymorphic" "0.0.13"
    "@radix-ui/react-primitive" "0.0.15"
    "@radix-ui/react-use-callback-ref" "0.0.5"

"@radix-ui/react-icons@^1.0.3":
  version "1.0.3"
  resolved "https://registry.yarnpkg.com/@radix-ui/react-icons/-/react-icons-1.0.3.tgz#4ef61f1234f44991f7a19e108f77ca37032b4be2"
  integrity sha512-YbPAUZwTsvF/2H7IU35txaLUB+JNSV8GIhnswlqiFODP/P32t5op5keYUvQWsSj9TA0VLF367J24buUjIprn0w==

"@radix-ui/react-id@0.0.6":
  version "0.0.6"
  resolved "https://registry.yarnpkg.com/@radix-ui/react-id/-/react-id-0.0.6.tgz#c4b27d11861805e91ac296e7758ab47e3947b65c"
  integrity sha512-PzmraF34fYggsYvTIZVJ5S68WMp3aKUN3HkSmGnz4zn9zpRjkAbbg7Xn3ueQI3FQsLWKgyUfnpsmWFDndpcqYg==
  dependencies:
    "@babel/runtime" "^7.13.10"

"@radix-ui/react-polymorphic@0.0.13":
  version "0.0.13"
  resolved "https://registry.yarnpkg.com/@radix-ui/react-polymorphic/-/react-polymorphic-0.0.13.tgz#d010d48281626191c9513f11db5d82b37662418a"
  integrity sha512-0sGqBp+v9/yrsMhPfAejxcem2MwAFgaSAxF3Sieaklm6ZVYM/hTZxxWI5NVOLGV+482GwW0wIqwpVUzREjmh+w==

"@radix-ui/react-portal@0.0.15":
  version "0.0.15"
  resolved "https://registry.yarnpkg.com/@radix-ui/react-portal/-/react-portal-0.0.15.tgz#833bccb192aafb9420bd037d5827e88caf429dc4"
  integrity sha512-qMESsdqph1gbRGzy9oSzUoeZYXnR2egXVcEZDqmesfn8w/o1rC1wadKkyBf7qo/YyjUX4mvXknAA+ftp1aQp+w==
  dependencies:
    "@babel/runtime" "^7.13.10"
    "@radix-ui/react-polymorphic" "0.0.13"
    "@radix-ui/react-primitive" "0.0.15"
    "@radix-ui/react-use-layout-effect" "0.0.5"

"@radix-ui/react-presence@0.0.15":
  version "0.0.15"
  resolved "https://registry.yarnpkg.com/@radix-ui/react-presence/-/react-presence-0.0.15.tgz#4ff12feb436f1499148feb11c3a63a5d8fab568a"
  integrity sha512-+5+ePKUdTkqN1ze7nYmcoeHSsmKCcREwt0NhvNgDocPaqEUoZSkK9Mq6eMiMXSj02NkXH9P+bK32VCClYFnMBQ==
  dependencies:
    "@babel/runtime" "^7.13.10"
    "@radix-ui/react-compose-refs" "0.0.5"
    "@radix-ui/react-use-layout-effect" "0.0.5"

"@radix-ui/react-primitive@0.0.15":
  version "0.0.15"
  resolved "https://registry.yarnpkg.com/@radix-ui/react-primitive/-/react-primitive-0.0.15.tgz#c0cf609ee565a32969d20943e2697b42a04fbdf3"
  integrity sha512-Y7JLnen/G3AT0cQXXkBo3A1OuWaKGerkd2gKs0Fuqxv+kTxEmYoqSp/soo0Mm3Ccw61LKLQAjPiE37GK9/Zqwg==
  dependencies:
    "@babel/runtime" "^7.13.10"
    "@radix-ui/react-polymorphic" "0.0.13"

"@radix-ui/react-slot@0.0.12":
  version "0.0.12"
  resolved "https://registry.yarnpkg.com/@radix-ui/react-slot/-/react-slot-0.0.12.tgz#c4d8a75fffca561aeeca2ed9603384d86757f60a"
  integrity sha512-Em8P/xYyh3O/32IhrmARJNH+J/XCAVnw6h2zGu6oeReliIX7ktU67pMSeyyIZiU2hNXzaXYB/xDdixizQe/DGA==
  dependencies:
    "@babel/runtime" "^7.13.10"
    "@radix-ui/react-compose-refs" "0.0.5"

"@radix-ui/react-use-body-pointer-events@0.0.7":
  version "0.0.7"
  resolved "https://registry.yarnpkg.com/@radix-ui/react-use-body-pointer-events/-/react-use-body-pointer-events-0.0.7.tgz#e4249690ca0db85c969400e867476206feda4d1e"
  integrity sha512-mXAGyb8mhVjRqtpKPeZePuvee40bgsWpt378oQrIcLU1uZNbNX9eyrIPnnL9OMLAvxqloAOClVj0PZ1bMQmfDw==
  dependencies:
    "@babel/runtime" "^7.13.10"
    "@radix-ui/react-use-layout-effect" "0.0.5"

"@radix-ui/react-use-callback-ref@0.0.5":
  version "0.0.5"
  resolved "https://registry.yarnpkg.com/@radix-ui/react-use-callback-ref/-/react-use-callback-ref-0.0.5.tgz#fa8db050229cda573dfeeae213d74ef06f6130db"
  integrity sha512-z1AI221vmq9f3vsDyrCsGLCatKagbM1YeCGdRMhMsUBzFFCaJ+Axyoe/ndVqW8wwsraGWr1zYVAhIEdlC0GvPg==
  dependencies:
    "@babel/runtime" "^7.13.10"

"@radix-ui/react-use-controllable-state@0.0.6":
  version "0.0.6"
  resolved "https://registry.yarnpkg.com/@radix-ui/react-use-controllable-state/-/react-use-controllable-state-0.0.6.tgz#c4b16bc911a25889333388a684a04df937e5fec7"
  integrity sha512-fBk4hUSKc4N7X/NAaifWYfKKfNuOB9xvj0MBQQYS5oOTNRgg4y8/Ax3jZ0adsplXDm7ix75sxqWm0nrvUoAjcw==
  dependencies:
    "@babel/runtime" "^7.13.10"
    "@radix-ui/react-use-callback-ref" "0.0.5"

"@radix-ui/react-use-escape-keydown@0.0.6":
  version "0.0.6"
  resolved "https://registry.yarnpkg.com/@radix-ui/react-use-escape-keydown/-/react-use-escape-keydown-0.0.6.tgz#1ad1c81b99961b7dbe376ef54151ebc8bef627a0"
  integrity sha512-MJpVj21BYwWllmp2xbXPqpKPssJ1WWrZi+Qx7PY5hVcBhQr5Jo6yKwIX677pH5Yql95ENTTT5LW3q+LVFYIISw==
  dependencies:
    "@babel/runtime" "^7.13.10"
    "@radix-ui/react-use-callback-ref" "0.0.5"

"@radix-ui/react-use-layout-effect@0.0.5":
  version "0.0.5"
  resolved "https://registry.yarnpkg.com/@radix-ui/react-use-layout-effect/-/react-use-layout-effect-0.0.5.tgz#cbbd059090edc765749da00d9f562a9abd43cbac"
  integrity sha512-bNPW2JNOr/p2hXr0hfKKqrEy5deNSRF17sw3l9Z7qlEnvIbBtQ7iwY/wrxIz5P7XFyYGoXodIUDH5G8PEucE3A==
  dependencies:
    "@babel/runtime" "^7.13.10"

aria-hidden@^1.1.1:
  version "1.1.3"
  resolved "https://registry.yarnpkg.com/aria-hidden/-/aria-hidden-1.1.3.tgz#bb48de18dc84787a3c6eee113709c473c64ec254"
  integrity sha512-RhVWFtKH5BiGMycI72q2RAFMLQi8JP9bLuQXgR5a8Znp7P5KOIADSJeyfI8PCVxLEp067B2HbP5JIiI/PXIZeA==
  dependencies:
    tslib "^1.0.0"

clsx@^1.1.1:
  version "1.1.1"
  resolved "https://registry.yarnpkg.com/clsx/-/clsx-1.1.1.tgz#98b3134f9abbdf23b2663491ace13c5c03a73188"
  integrity sha512-6/bPho624p3S2pMyvP5kKBPXnI3ufHLObBFCfgx+LkeR5lg2XYy2hqZqUf45ypD8COn2bhgGJSUE+l5dhNBieA==

detect-node-es@^1.1.0:
  version "1.1.0"
  resolved "https://registry.yarnpkg.com/detect-node-es/-/detect-node-es-1.1.0.tgz#163acdf643330caa0b4cd7c21e7ee7755d6fa493"
  integrity sha512-ypdmJU/TbBby2Dxibuv7ZLW3Bs1QEmM7nHjEANfohJLvE0XVujisn1qPJcZxg+qDucsr+bP6fLD1rPS3AhJ7EQ==

fuse.js@^6.4.6:
  version "6.4.6"
  resolved "https://registry.yarnpkg.com/fuse.js/-/fuse.js-6.4.6.tgz#62f216c110e5aa22486aff20be7896d19a059b79"
  integrity sha512-/gYxR/0VpXmWSfZOIPS3rWwU8SHgsRTwWuXhyb2O6s7aRuVtHtxCkR33bNYu3wyLyNx/Wpv0vU7FZy8Vj53VNw==

get-nonce@^1.0.0:
  version "1.0.1"
  resolved "https://registry.yarnpkg.com/get-nonce/-/get-nonce-1.0.1.tgz#fdf3f0278073820d2ce9426c18f07481b1e0cdf3"
  integrity sha512-FJhYRoDaiatfEkUK8HKlicmu/3SGFD51q3itKDGoSTysQJBnfOcxU5GxnhE1E6soB76MbT0MBtnKJuXyAx+96Q==

history@5:
  version "5.0.1"
  resolved "https://registry.yarnpkg.com/history/-/history-5.0.1.tgz#de35025ed08bce0db62364b47ebbf9d97b5eb06a"
  integrity sha512-5qC/tFUKfVci5kzgRxZxN5Mf1CV8NmJx9ByaPX0YTLx5Vz3Svh7NYp6eA4CpDq4iA9D0C1t8BNIfvQIrUI3mVw==
  dependencies:
    "@babel/runtime" "^7.7.6"

invariant@^2.2.4:
  version "2.2.4"
  resolved "https://registry.yarnpkg.com/invariant/-/invariant-2.2.4.tgz#610f3c92c9359ce1db616e538008d23ff35158e6"
  integrity sha512-phJfQVBuaJM5raOpJjSfkiD6BpbCE4Ns//LaXl6wGYtUBY83nWS6Rf9tXm2e8VaK60JEjYldbPif/A2B1C2gNA==
  dependencies:
    loose-envify "^1.0.0"

"js-tokens@^3.0.0 || ^4.0.0":
  version "4.0.0"
  resolved "https://registry.yarnpkg.com/js-tokens/-/js-tokens-4.0.0.tgz#19203fb59991df98e3a287050d4647cdeaf32499"
  integrity sha512-RdJUflcE3cUzKiMqQgsCu06FPu9UdIJO0beYbPhHN4k6apgJtifcoCtT9bcxOpYBtpD2kCM6Sbzg4CausW/PKQ==

loose-envify@^1.0.0:
  version "1.4.0"
  resolved "https://registry.yarnpkg.com/loose-envify/-/loose-envify-1.4.0.tgz#71ee51fa7be4caec1a63839f7e682d8132d30caf"
  integrity sha512-lyuxPGr/Wfhrlem2CL/UcnUc1zcqKAImBDzukY7Y5F/yQiNdko6+fRLevlw1HgMySw7f611UIY408EtxRSoK3Q==
  dependencies:
    js-tokens "^3.0.0 || ^4.0.0"

react-remove-scroll-bar@^2.1.0:
  version "2.2.0"
  resolved "https://registry.yarnpkg.com/react-remove-scroll-bar/-/react-remove-scroll-bar-2.2.0.tgz#d4d545a7df024f75d67e151499a6ab5ac97c8cdd"
  integrity sha512-UU9ZBP1wdMR8qoUs7owiVcpaPwsQxUDC2lypP6mmixaGlARZa7ZIBx1jcuObLdhMOvCsnZcvetOho0wzPa9PYg==
  dependencies:
    react-style-singleton "^2.1.0"
    tslib "^1.0.0"

react-remove-scroll@^2.4.0:
  version "2.4.3"
  resolved "https://registry.yarnpkg.com/react-remove-scroll/-/react-remove-scroll-2.4.3.tgz#83d19b02503b04bd8141ed6e0b9e6691a2e935a6"
  integrity sha512-lGWYXfV6jykJwbFpsuPdexKKzp96f3RbvGapDSIdcyGvHb7/eqyn46C7/6h+rUzYar1j5mdU+XECITHXCKBk9Q==
  dependencies:
    react-remove-scroll-bar "^2.1.0"
    react-style-singleton "^2.1.0"
    tslib "^1.0.0"
    use-callback-ref "^1.2.3"
    use-sidecar "^1.0.1"

react-router-dom@6.0.0-beta.2:
  version "6.0.0-beta.2"
  resolved "https://registry.yarnpkg.com/react-router-dom/-/react-router-dom-6.0.0-beta.2.tgz#f001f862e94787853363dd845d70340ab55c8744"
  integrity sha512-ZOauHu+clEYCRsW77F21/q6Ou5zmJvL6FvKsbmvO+J+4e7OXglh0VJy8yph8xoz20Ak5UYDExubE6n5+2QP1pw==
  dependencies:
    react-router "6.0.0-beta.2"

react-router@6.0.0-beta.2:
  version "6.0.0-beta.2"
  resolved "https://registry.yarnpkg.com/react-router/-/react-router-6.0.0-beta.2.tgz#7c804e4d1f86ebfd397ed8b1e05a63d24bf3313f"
  integrity sha512-oyVEfpVT9VbClWaZNNShfprq8HA5rSLfo/ZsXFT08/6mldM6onHzqr6Lc1ybBYEB7/c+rr1VOA99as7hEoAoXw==

react-style-singleton@^2.1.0:
  version "2.1.1"
  resolved "https://registry.yarnpkg.com/react-style-singleton/-/react-style-singleton-2.1.1.tgz#ce7f90b67618be2b6b94902a30aaea152ce52e66"
  integrity sha512-jNRp07Jza6CBqdRKNgGhT3u9umWvils1xsuMOjZlghBDH2MU0PL2WZor4PGYjXpnRCa9DQSlHMs/xnABWOwYbA==
  dependencies:
    get-nonce "^1.0.0"
    invariant "^2.2.4"
    tslib "^1.0.0"

regenerator-runtime@^0.13.4:
  version "0.13.9"
  resolved "https://registry.yarnpkg.com/regenerator-runtime/-/regenerator-runtime-0.13.9.tgz#8925742a98ffd90814988d7566ad30ca3b263b52"
  integrity sha512-p3VT+cOEgxFsRRA9X4lkI1E+k2/CtnKtU4gcxyaCUreilL/vqI6CdZ3wxVUx3UOUg+gnUOQQcRI7BmSI656MYA==

tslib@^1.0.0, tslib@^1.9.3:
  version "1.14.1"
  resolved "https://registry.yarnpkg.com/tslib/-/tslib-1.14.1.tgz#cf2d38bdc34a134bcaf1091c41f6619e2f672d00"
  integrity sha512-Xni35NKzjgMrwevysHTCArtLDpPvye8zV/0E4EyYn43P7/7qvQwPh9BGkHewbMulVntbigmcT7rdX3BNo9wRJg==

use-callback-ref@^1.2.3:
  version "1.2.5"
  resolved "https://registry.yarnpkg.com/use-callback-ref/-/use-callback-ref-1.2.5.tgz#6115ed242cfbaed5915499c0a9842ca2912f38a5"
  integrity sha512-gN3vgMISAgacF7sqsLPByqoePooY3n2emTH59Ur5d/M8eg4WTWu1xp8i8DHjohftIyEx0S08RiYxbffr4j8Peg==

use-sidecar@^1.0.1:
  version "1.0.5"
  resolved "https://registry.yarnpkg.com/use-sidecar/-/use-sidecar-1.0.5.tgz#ffff2a17c1df42e348624b699ba6e5c220527f2b"
  integrity sha512-k9jnrjYNwN6xYLj1iaGhonDghfvmeTmYjAiGvOr7clwKfPjMXJf4/HOr7oT5tJwYafgp2tG2l3eZEOfoELiMcA==
  dependencies:
    detect-node-es "^1.1.0"
    tslib "^1.9.3"

zustand@^3.5.10:
  version "3.5.10"
  resolved "https://registry.yarnpkg.com/zustand/-/zustand-3.5.10.tgz#d2622efd64530ffda285ee5b13ff645b68ab0faf"
  integrity sha512-upluvSRWrlCiExu2UbkuMIPJ9AigyjRFoO7O9eUossIj7rPPq7pcJ0NKk6t2P7KF80tg/UdPX6/pNKOSbs9DEg==
